
Microsoft Visual Studio Solution File, Format Version 12.00
# Visual Studio 15
VisualStudioVersion = 15.0.27004.2009
MinimumVisualStudioVersion = 10.0.40219.1
Project("{2150E333-8FDC-42A3-9474-1A3956D46DE8}") = "01.HW.Core", "01.HW.Core", "{5392B394-C91D-48D3-8E11-64FF93B3186C}"
EndProject
Project("{2150E333-8FDC-42A3-9474-1A3956D46DE8}") = "02.HW.Data", "02.HW.Data", "{2D755450-DC37-43F1-AEBF-B31FAB1C5F09}"
EndProject
Project("{2150E333-8FDC-42A3-9474-1A3956D46DE8}") = "03.HW.Services", "03.HW.Services", "{7C71AA1E-4797-46A0-829C-9736D917D0F3}"
EndProject
Project("{2150E333-8FDC-42A3-9474-1A3956D46DE8}") = "04.HW.Cunsumer", "04.HW.Cunsumer", "{21ADA98D-F9C7-458D-A78C-9C7E0543FAFA}"
EndProject
Project("{9A19103F-16F7-4668-BE54-9A1E7A4F7556}") = "WebApp", "WebApp\WebApp.csproj", "{E064FD90-FC93-46A0-A142-3A4BB27058FB}"
EndProject
Project("{9A19103F-16F7-4668-BE54-9A1E7A4F7556}") = "HW.Core", "HW.Core\HW.Core.csproj", "{E12B3C7A-CA6F-4383-A91E-5F89194E7899}"
EndProject
Project("{9A19103F-16F7-4668-BE54-9A1E7A4F7556}") = "HW.SF.Models", "HW.SF.Models\HW.SF.Models.csproj", "{FAEBFFEA-DEA2-413A-AEE8-88D0F94CC028}"
EndProject
Project("{9A19103F-16F7-4668-BE54-9A1E7A4F7556}") = "HW.SF.Repositories", "HW.SF.Repositories\HW.SF.Repositories.csproj", "{1B6B6B3F-5E7A-420C-8BFF-A2B423A957A4}"
EndProject
Project("{9A19103F-16F7-4668-BE54-9A1E7A4F7556}") = "HW.SF.IRepositories", "HW.SF.IRepositories\HW.SF.IRepositories.csproj", "{E873DB8A-345C-4689-AEC6-1D51B3F4E3E0}"
EndProject
Project("{9A19103F-16F7-4668-BE54-9A1E7A4F7556}") = "HW.SF.Services", "HW.SF.Services\HW.SF.Services.csproj", "{B88A2510-25FA-4F48-BDB9-0293C4F50F91}"
EndProject
Project("{9A19103F-16F7-4668-BE54-9A1E7A4F7556}") = "HW.SF.IServices", "HW.SF.IServices\HW.SF.IServices.csproj", "{04BAC5F0-18BA-485B-BDB4-C4CDA2EFF770}"
EndProject
Project("{FAE04EC0-301F-11D3-BF4B-00C04F79EFBC}") = "HW.Web", "HW.Web\HW.Web.csproj", "{A07FA351-AEE8-40C6-85D6-2F00C5979720}"
EndProject
Global
	GlobalSection(SolutionConfigurationPlatforms) = preSolution
		Debug|Any CPU = Debug|Any CPU
		Release|Any CPU = Release|Any CPU
	EndGlobalSection
	GlobalSection(ProjectConfigurationPlatforms) = postSolution
		{E064FD90-FC93-46A0-A142-3A4BB27058FB}.Debug|Any CPU.ActiveCfg = Debug|Any CPU
		{E064FD90-FC93-46A0-A142-3A4BB27058FB}.Debug|Any CPU.Build.0 = Debug|Any CPU
		{E064FD90-FC93-46A0-A142-3A4BB27058FB}.Release|Any CPU.ActiveCfg = Release|Any CPU
		{E064FD90-FC93-46A0-A142-3A4BB27058FB}.Release|Any CPU.Build.0 = Release|Any CPU
		{E12B3C7A-CA6F-4383-A91E-5F89194E7899}.Debug|Any CPU.ActiveCfg = Debug|Any CPU
		{E12B3C7A-CA6F-4383-A91E-5F89194E7899}.Debug|Any CPU.Build.0 = Debug|Any CPU
		{E12B3C7A-CA6F-4383-A91E-5F89194E7899}.Release|Any CPU.ActiveCfg = Release|Any CPU
		{E12B3C7A-CA6F-4383-A91E-5F89194E7899}.Release|Any CPU.Build.0 = Release|Any CPU
		{FAEBFFEA-DEA2-413A-AEE8-88D0F94CC028}.Debug|Any CPU.ActiveCfg = Debug|Any CPU
		{FAEBFFEA-DEA2-413A-AEE8-88D0F94CC028}.Debug|Any CPU.Build.0 = Debug|Any CPU
		{FAEBFFEA-DEA2-413A-AEE8-88D0F94CC028}.Release|Any CPU.ActiveCfg = Release|Any CPU
		{FAEBFFEA-DEA2-413A-AEE8-88D0F94CC028}.Release|Any CPU.Build.0 = Release|Any CPU
		{1B6B6B3F-5E7A-420C-8BFF-A2B423A957A4}.Debug|Any CPU.ActiveCfg = Debug|Any CPU
		{1B6B6B3F-5E7A-420C-8BFF-A2B423A957A4}.Debug|Any CPU.Build.0 = Debug|Any CPU
		{1B6B6B3F-5E7A-420C-8BFF-A2B423A957A4}.Release|Any CPU.ActiveCfg = Release|Any CPU
		{1B6B6B3F-5E7A-420C-8BFF-A2B423A957A4}.Release|Any CPU.Build.0 = Release|Any CPU
		{E873DB8A-345C-4689-AEC6-1D51B3F4E3E0}.Debug|Any CPU.ActiveCfg = Debug|Any CPU
		{E873DB8A-345C-4689-AEC6-1D51B3F4E3E0}.Debug|Any CPU.Build.0 = Debug|Any CPU
		{E873DB8A-345C-4689-AEC6-1D51B3F4E3E0}.Release|Any CPU.ActiveCfg = Release|Any CPU
		{E873DB8A-345C-4689-AEC6-1D51B3F4E3E0}.Release|Any CPU.Build.0 = Release|Any CPU
		{B88A2510-25FA-4F48-BDB9-0293C4F50F91}.Debug|Any CPU.ActiveCfg = Debug|Any CPU
		{B88A2510-25FA-4F48-BDB9-0293C4F50F91}.Debug|Any CPU.Build.0 = Debug|Any CPU
		{B88A2510-25FA-4F48-BDB9-0293C4F50F91}.Release|Any CPU.ActiveCfg = Release|Any CPU
		{B88A2510-25FA-4F48-BDB9-0293C4F50F91}.Release|Any CPU.Build.0 = Release|Any CPU
		{04BAC5F0-18BA-485B-BDB4-C4CDA2EFF770}.Debug|Any CPU.ActiveCfg = Debug|Any CPU
		{04BAC5F0-18BA-485B-BDB4-C4CDA2EFF770}.Debug|Any CPU.Build.0 = Debug|Any CPU
		{04BAC5F0-18BA-485B-BDB4-C4CDA2EFF770}.Release|Any CPU.ActiveCfg = Release|Any CPU
		{04BAC5F0-18BA-485B-BDB4-C4CDA2EFF770}.Release|Any CPU.Build.0 = Release|Any CPU
		{A07FA351-AEE8-40C6-85D6-2F00C5979720}.Debug|Any CPU.ActiveCfg = Debug|Any CPU
		{A07FA351-AEE8-40C6-85D6-2F00C5979720}.Debug|Any CPU.Build.0 = Debug|Any CPU
		{A07FA351-AEE8-40C6-85D6-2F00C5979720}.Release|Any CPU.ActiveCfg = Release|Any CPU
		{A07FA351-AEE8-40C6-85D6-2F00C5979720}.Release|Any CPU.Build.0 = Release|Any CPU
	EndGlobalSection
	GlobalSection(SolutionProperties) = preSolution
		HideSolutionNode = FALSE
	EndGlobalSection
	GlobalSection(NestedProjects) = preSolution
		{E064FD90-FC93-46A0-A142-3A4BB27058FB} = {21ADA98D-F9C7-458D-A78C-9C7E0543FAFA}
		{E12B3C7A-CA6F-4383-A91E-5F89194E7899} = {5392B394-C91D-48D3-8E11-64FF93B3186C}
		{FAEBFFEA-DEA2-413A-AEE8-88D0F94CC028} = {2D755450-DC37-43F1-AEBF-B31FAB1C5F09}
		{1B6B6B3F-5E7A-420C-8BFF-A2B423A957A4} = {2D755450-DC37-43F1-AEBF-B31FAB1C5F09}
		{E873DB8A-345C-4689-AEC6-1D51B3F4E3E0} = {2D755450-DC37-43F1-AEBF-B31FAB1C5F09}
		{B88A2510-25FA-4F48-BDB9-0293C4F50F91} = {7C71AA1E-4797-46A0-829C-9736D917D0F3}
		{04BAC5F0-18BA-485B-BDB4-C4CDA2EFF770} = {7C71AA1E-4797-46A0-829C-9736D917D0F3}
		{A07FA351-AEE8-40C6-85D6-2F00C5979720} = {21ADA98D-F9C7-458D-A78C-9C7E0543FAFA}
	EndGlobalSection
	GlobalSection(ExtensibilityGlobals) = postSolution
		SolutionGuid = {0DE353AF-268F-4400-BD05-A23712A093E2}
	EndGlobalSection
EndGlobal
